
Microsoft Visual Studio Solution File, Format Version 12.00
# Visual Studio Version 17
VisualStudioVersion = 17.1.32421.90
MinimumVisualStudioVersion = 10.0.40219.1
Project("{FAE04EC0-301F-11D3-BF4B-00C04F79EFBC}") = "PinbikeAPI", "PinbikeAPI\PinbikeAPI.csproj", "{7D3A0277-A8F9-4D22-BFDE-5B784EAFF918}"
EndProject
Global
	GlobalSection(SolutionConfigurationPlatforms) = preSolution
		Debug|Any CPU = Debug|Any CPU
		Release|Any CPU = Release|Any CPU
	EndGlobalSection
	GlobalSection(ProjectConfigurationPlatforms) = postSolution
		{7D3A0277-A8F9-4D22-BFDE-5B784EAFF918}.Debug|Any CPU.ActiveCfg = Debug|Any CPU
		{7D3A0277-A8F9-4D22-BFDE-5B784EAFF918}.Debug|Any CPU.Build.0 = Debug|Any CPU
		{7D3A0277-A8F9-4D22-BFDE-5B784EAFF918}.Release|Any CPU.ActiveCfg = Release|Any CPU
		{7D3A0277-A8F9-4D22-BFDE-5B784EAFF918}.Release|Any CPU.Build.0 = Release|Any CPU
	EndGlobalSection
	GlobalSection(SolutionProperties) = preSolution
		HideSolutionNode = FALSE
	EndGlobalSection
	GlobalSection(ExtensibilityGlobals) = postSolution
		SolutionGuid = {CC002801-C669-46FF-8EF3-1BEB8D276023}
	EndGlobalSection
EndGlobal
